
Microsoft Visual Studio Solution File, Format Version 12.00
# Visual Studio Version 16
VisualStudioVersion = 16.0.31702.278
MinimumVisualStudioVersion = 10.0.40219.1
Project("{9A19103F-16F7-4668-BE54-9A1E7A4F7556}") = "CarShowroom.WebAPI", "CarShowroom.WebAPI\CarShowroom.WebAPI.csproj", "{B10B08AF-0518-4490-B137-8ED24C3680DB}"
EndProject
Project("{9A19103F-16F7-4668-BE54-9A1E7A4F7556}") = "CarShowroom.BLL", "CarShowroom.BLL\CarShowroom.BLL.csproj", "{8B24EBF7-F2AD-48BC-89BB-DCB4E030CF5F}"
EndProject
Project("{9A19103F-16F7-4668-BE54-9A1E7A4F7556}") = "CarShowroom.DAL", "Carshowroom.DAL\CarShowroom.DAL.csproj", "{5240FA5E-FE21-4BF1-A233-6BE57772241A}"
EndProject
Project("{9A19103F-16F7-4668-BE54-9A1E7A4F7556}") = "CarShowroom.Models", "CarShowroom.Models\CarShowroom.Models.csproj", "{2767D1BD-F46E-4E1A-83A9-A6670BE471A0}"
EndProject
Project("{9A19103F-16F7-4668-BE54-9A1E7A4F7556}") = "CarShowroom.Client", "CarShowroom.Client\CarShowroom.Client.csproj", "{C34D9480-3561-44FD-900D-38848999252F}"
EndProject
Global
	GlobalSection(SolutionConfigurationPlatforms) = preSolution
		Debug|Any CPU = Debug|Any CPU
		Release|Any CPU = Release|Any CPU
	EndGlobalSection
	GlobalSection(ProjectConfigurationPlatforms) = postSolution
		{B10B08AF-0518-4490-B137-8ED24C3680DB}.Debug|Any CPU.ActiveCfg = Debug|Any CPU
		{B10B08AF-0518-4490-B137-8ED24C3680DB}.Debug|Any CPU.Build.0 = Debug|Any CPU
		{B10B08AF-0518-4490-B137-8ED24C3680DB}.Release|Any CPU.ActiveCfg = Release|Any CPU
		{B10B08AF-0518-4490-B137-8ED24C3680DB}.Release|Any CPU.Build.0 = Release|Any CPU
		{8B24EBF7-F2AD-48BC-89BB-DCB4E030CF5F}.Debug|Any CPU.ActiveCfg = Debug|Any CPU
		{8B24EBF7-F2AD-48BC-89BB-DCB4E030CF5F}.Debug|Any CPU.Build.0 = Debug|Any CPU
		{8B24EBF7-F2AD-48BC-89BB-DCB4E030CF5F}.Release|Any CPU.ActiveCfg = Release|Any CPU
		{8B24EBF7-F2AD-48BC-89BB-DCB4E030CF5F}.Release|Any CPU.Build.0 = Release|Any CPU
		{5240FA5E-FE21-4BF1-A233-6BE57772241A}.Debug|Any CPU.ActiveCfg = Debug|Any CPU
		{5240FA5E-FE21-4BF1-A233-6BE57772241A}.Debug|Any CPU.Build.0 = Debug|Any CPU
		{5240FA5E-FE21-4BF1-A233-6BE57772241A}.Release|Any CPU.ActiveCfg = Release|Any CPU
		{5240FA5E-FE21-4BF1-A233-6BE57772241A}.Release|Any CPU.Build.0 = Release|Any CPU
		{2767D1BD-F46E-4E1A-83A9-A6670BE471A0}.Debug|Any CPU.ActiveCfg = Debug|Any CPU
		{2767D1BD-F46E-4E1A-83A9-A6670BE471A0}.Debug|Any CPU.Build.0 = Debug|Any CPU
		{2767D1BD-F46E-4E1A-83A9-A6670BE471A0}.Release|Any CPU.ActiveCfg = Release|Any CPU
		{2767D1BD-F46E-4E1A-83A9-A6670BE471A0}.Release|Any CPU.Build.0 = Release|Any CPU
		{C34D9480-3561-44FD-900D-38848999252F}.Debug|Any CPU.ActiveCfg = Debug|Any CPU
		{C34D9480-3561-44FD-900D-38848999252F}.Debug|Any CPU.Build.0 = Debug|Any CPU
		{C34D9480-3561-44FD-900D-38848999252F}.Release|Any CPU.ActiveCfg = Release|Any CPU
		{C34D9480-3561-44FD-900D-38848999252F}.Release|Any CPU.Build.0 = Release|Any CPU
	EndGlobalSection
	GlobalSection(SolutionProperties) = preSolution
		HideSolutionNode = FALSE
	EndGlobalSection
	GlobalSection(ExtensibilityGlobals) = postSolution
		SolutionGuid = {1DD7CB7C-C74D-4360-8D2B-4C48AA3060B3}
	EndGlobalSection
EndGlobal
